
Microsoft Visual Studio Solution File, Format Version 12.00
# Visual Studio Version 17
VisualStudioVersion = 17.11.35327.3
MinimumVisualStudioVersion = 10.0.40219.1
Project("{FAE04EC0-301F-11D3-BF4B-00C04F79EFBC}") = "Tuan7_1", "Tuan7_1\Tuan7_1.csproj", "{9E64CFE9-07A4-4FDE-80E6-A8251157FBF6}"
EndProject
Global
	GlobalSection(SolutionConfigurationPlatforms) = preSolution
		Debug|Any CPU = Debug|Any CPU
		Release|Any CPU = Release|Any CPU
	EndGlobalSection
	GlobalSection(ProjectConfigurationPlatforms) = postSolution
		{9E64CFE9-07A4-4FDE-80E6-A8251157FBF6}.Debug|Any CPU.ActiveCfg = Debug|Any CPU
		{9E64CFE9-07A4-4FDE-80E6-A8251157FBF6}.Debug|Any CPU.Build.0 = Debug|Any CPU
		{9E64CFE9-07A4-4FDE-80E6-A8251157FBF6}.Release|Any CPU.ActiveCfg = Release|Any CPU
		{9E64CFE9-07A4-4FDE-80E6-A8251157FBF6}.Release|Any CPU.Build.0 = Release|Any CPU
	EndGlobalSection
	GlobalSection(SolutionProperties) = preSolution
		HideSolutionNode = FALSE
	EndGlobalSection
	GlobalSection(ExtensibilityGlobals) = postSolution
		SolutionGuid = {EDAEF69D-43D2-44EB-96B1-88516285C6A4}
	EndGlobalSection
EndGlobal
